
Microsoft Visual Studio Solution File, Format Version 12.00
# Visual Studio Version 17
VisualStudioVersion = 17.8.34511.84
MinimumVisualStudioVersion = 10.0.40219.1
Project("{FAE04EC0-301F-11D3-BF4B-00C04F79EFBC}") = "Laba WS11", "Laba WS11\Laba WS11.csproj", "{C34C5F17-B785-4033-A92B-F9607B880320}"
EndProject
Global
	GlobalSection(SolutionConfigurationPlatforms) = preSolution
		Debug|Any CPU = Debug|Any CPU
		Release|Any CPU = Release|Any CPU
	EndGlobalSection
	GlobalSection(ProjectConfigurationPlatforms) = postSolution
		{C34C5F17-B785-4033-A92B-F9607B880320}.Debug|Any CPU.ActiveCfg = Debug|Any CPU
		{C34C5F17-B785-4033-A92B-F9607B880320}.Debug|Any CPU.Build.0 = Debug|Any CPU
		{C34C5F17-B785-4033-A92B-F9607B880320}.Release|Any CPU.ActiveCfg = Release|Any CPU
		{C34C5F17-B785-4033-A92B-F9607B880320}.Release|Any CPU.Build.0 = Release|Any CPU
	EndGlobalSection
	GlobalSection(SolutionProperties) = preSolution
		HideSolutionNode = FALSE
	EndGlobalSection
	GlobalSection(ExtensibilityGlobals) = postSolution
		SolutionGuid = {BF4E8DA3-CD75-4F8A-B4AD-0726B30BE6ED}
	EndGlobalSection
EndGlobal
